// !$*UTF8*$!
{
	archiveVersion = 1;
	classes = {
	};
	objectVersion = 77;
	objects = {

/* Begin PBXBuildFile section */
		8A8B7A2D2C6E4C5B00100001 /* AxolotlCommandCentreApp.swift in Sources */ = {isa = PBXBuildFile; fileRef = 8A8B7A2C2C6E4C5B00100001 /* AxolotlCommandCentreApp.swift */; };
		8A8B7A2F2C6E4C5B00100001 /* CommandCentreView.swift in Sources */ = {isa = PBXBuildFile; fileRef = 8A8B7A2E2C6E4C5B00100001 /* CommandCentreView.swift */; };
		8A8B7A312C6E4C5B00100001 /* SidebarDestination.swift in Sources */ = {isa = PBXBuildFile; fileRef = 8A8B7A302C6E4C5B00100001 /* SidebarDestination.swift */; };
		8A8B7A332C6E4C5B00100001 /* Assets.xcassets in Resources */ = {isa = PBXBuildFile; fileRef = 8A8B7A322C6E4C5B00100001 /* Assets.xcassets */; };
		8A8B7A362C6E4C5B00100001 /* BackendClient.swift in Sources */ = {isa = PBXBuildFile; fileRef = 8A8B7A352C6E4C5B00100001 /* BackendClient.swift */; };
		8A8B7A382C6E4C5B00100001 /* ExplorerView.swift in Sources */ = {isa = PBXBuildFile; fileRef = 8A8B7A372C6E4C5B00100001 /* ExplorerView.swift */; };
/* End PBXBuildFile section */

/* Begin PBXFileReference section */
		8A8B7A242C6E4C5B00100001 /* AxolotlCommandCentre.app */ = {isa = PBXFileReference; explicitFileType = wrapper.application; includeInIndex = 0; path = AxolotlCommandCentre.app; sourceTree = BUILT_PRODUCTS_DIR; };
		8A8B7A2C2C6E4C5B00100001 /* AxolotlCommandCentreApp.swift */ = {isa = PBXFileReference; lastKnownFileType = sourcecode.swift; path = AxolotlCommandCentreApp.swift; sourceTree = "<group>"; };
		8A8B7A2E2C6E4C5B00100001 /* CommandCentreView.swift */ = {isa = PBXFileReference; lastKnownFileType = sourcecode.swift; path = CommandCentreView.swift; sourceTree = "<group>"; };
		8A8B7A302C6E4C5B00100001 /* SidebarDestination.swift */ = {isa = PBXFileReference; lastKnownFileType = sourcecode.swift; path = SidebarDestination.swift; sourceTree = "<group>"; };
		8A8B7A322C6E4C5B00100001 /* Assets.xcassets */ = {isa = PBXFileReference; lastKnownFileType = folder.assetcatalog; path = Assets.xcassets; sourceTree = "<group>"; };
		8A8B7A352C6E4C5B00100001 /* BackendClient.swift */ = {isa = PBXFileReference; lastKnownFileType = sourcecode.swift; path = BackendClient.swift; sourceTree = "<group>"; };
		8A8B7A372C6E4C5B00100001 /* ExplorerView.swift */ = {isa = PBXFileReference; lastKnownFileType = sourcecode.swift; path = ExplorerView.swift; sourceTree = "<group>"; };
		8A8B7A392C6E4C5B00100001 /* Info.plist */ = {isa = PBXFileReference; lastKnownFileType = text.plist.xml; path = Info.plist; sourceTree = "<group>"; };
/* End PBXFileReference section */

/* Begin PBXFrameworksBuildPhase section */
		8A8B7A212C6E4C5B00100001 /* Frameworks */ = {
			isa = PBXFrameworksBuildPhase;
			buildActionMask = 2147483647;
			files = (
			);
			runOnlyForDeploymentPostprocessing = 0;
		};
/* End PBXFrameworksBuildPhase section */

/* Begin PBXGroup section */
		8A8B7A1A2C6E4C5B00100001 = {
			isa = PBXGroup;
			children = (
				8A8B7A2B2C6E4C5B00100001 /* AxolotlCommandCentre */,
				8A8B7A252C6E4C5B00100001 /* Products */,
			);
			sourceTree = "<group>";
		};
		8A8B7A252C6E4C5B00100001 /* Products */ = {
			isa = PBXGroup;
			children = (
				8A8B7A242C6E4C5B00100001 /* AxolotlCommandCentre.app */,
			);
			name = Products;
			sourceTree = "<group>";
		};
		8A8B7A2B2C6E4C5B00100001 /* AxolotlCommandCentre */ = {
			isa = PBXGroup;
			children = (
				8A8B7A2C2C6E4C5B00100001 /* AxolotlCommandCentreApp.swift */,
				8A8B7A2E2C6E4C5B00100001 /* CommandCentreView.swift */,
				8A8B7A302C6E4C5B00100001 /* SidebarDestination.swift */,
				8A8B7A352C6E4C5B00100001 /* BackendClient.swift */,
				8A8B7A372C6E4C5B00100001 /* ExplorerView.swift */,
				8A8B7A392C6E4C5B00100001 /* Info.plist */,
				8A8B7A322C6E4C5B00100001 /* Assets.xcassets */,
			);
			path = AxolotlCommandCentre;
			sourceTree = "<group>";
		};
/* End PBXGroup section */

/* Begin PBXNativeTarget section */
		8A8B7A232C6E4C5B00100001 /* AxolotlCommandCentre */ = {
			isa = PBXNativeTarget;
			buildConfigurationList = 8A8B7A292C6E4C5B00100001 /* Build configuration list for PBXNativeTarget "AxolotlCommandCentre" */;
			buildPhases = (
				8A8B7A202C6E4C5B00100001 /* Sources */,
				8A8B7A212C6E4C5B00100001 /* Frameworks */,
				8A8B7A222C6E4C5B00100001 /* Resources */,
			);
			buildRules = (
			);
			dependencies = (
			);
			name = AxolotlCommandCentre;
			packageProductDependencies = (
			);
			productName = AxolotlCommandCentre;
			productReference = 8A8B7A242C6E4C5B00100001 /* AxolotlCommandCentre.app */;
			productType = "com.apple.product-type.application";
		};
/* End PBXNativeTarget section */

/* Begin PBXProject section */
		8A8B7A1B2C6E4C5B00100001 /* Project object */ = {
			isa = PBXProject;
			attributes = {
				BuildIndependentTargetsInParallel = 1;
				LastSwiftUpdateCheck = 2650;
				LastUpgradeCheck = 2650;
				TargetAttributes = {
					8A8B7A232C6E4C5B00100001 = {
						CreatedOnToolsVersion = 26.5;
					};
				};
			};
			buildConfigurationList = 8A8B7A1E2C6E4C5B00100001 /* Build configuration list for PBXProject "AxolotlCommandCentre" */;
			developmentRegion = en;
			hasScannedForEncodings = 0;
			knownRegions = (
				en,
				Base,
			);
			mainGroup = 8A8B7A1A2C6E4C5B00100001;
			minimizedProjectReferenceProxies = 1;
			preferredProjectObjectVersion = 77;
			productRefGroup = 8A8B7A252C6E4C5B00100001 /* Products */;
			projectDirPath = "";
			projectRoot = "";
			targets = (
				8A8B7A232C6E4C5B00100001 /* AxolotlCommandCentre */,
			);
		};
/* End PBXProject section */

/* Begin PBXResourcesBuildPhase section */
		8A8B7A222C6E4C5B00100001 /* Resources */ = {
			isa = PBXResourcesBuildPhase;
			buildActionMask = 2147483647;
			files = (
				8A8B7A332C6E4C5B00100001 /* Assets.xcassets in Resources */,
			);
			runOnlyForDeploymentPostprocessing = 0;
		};
/* End PBXResourcesBuildPhase section */

/* Begin PBXSourcesBuildPhase section */
		8A8B7A202C6E4C5B00100001 /* Sources */ = {
			isa = PBXSourcesBuildPhase;
			buildActionMask = 2147483647;
			files = (
				8A8B7A2F2C6E4C5B00100001 /* CommandCentreView.swift in Sources */,
				8A8B7A362C6E4C5B00100001 /* BackendClient.swift in Sources */,
				8A8B7A312C6E4C5B00100001 /* SidebarDestination.swift in Sources */,
				8A8B7A382C6E4C5B00100001 /* ExplorerView.swift in Sources */,
				8A8B7A2D2C6E4C5B00100001 /* AxolotlCommandCentreApp.swift in Sources */,
			);
			runOnlyForDeploymentPostprocessing = 0;
		};
/* End PBXSourcesBuildPhase section */

/* Begin XCBuildConfiguration section */
		8A8B7A272C6E4C5B00100001 /* Debug */ = {
			isa = XCBuildConfiguration;
			buildSettings = {
				ALWAYS_SEARCH_USER_PATHS = NO;
				ASSETCATALOG_COMPILER_GENERATE_SWIFT_ASSET_SYMBOL_EXTENSIONS = YES;
				CLANG_ANALYZER_NONNULL = YES;
				CLANG_ANALYZER_NUMBER_OBJECT_CONVERSION = YES_AGGRESSIVE;
				CLANG_CXX_LANGUAGE_STANDARD = "gnu++20";
				CLANG_ENABLE_MODULES = YES;
				CLANG_ENABLE_OBJC_ARC = YES;
				CLANG_ENABLE_OBJC_WEAK = YES;
				CLANG_WARN_BLOCK_CAPTURE_AUTORELEASING = YES;
				CLANG_WARN_BOOL_CONVERSION = YES;
				CLANG_WARN_COMMA = YES;
				CLANG_WARN_CONSTANT_CONVERSION = YES;
				CLANG_WARN_DEPRECATED_OBJC_IMPLEMENTATIONS = YES;
				CLANG_WARN_DIRECT_OBJC_ISA_USAGE = YES_ERROR;
				CLANG_WARN_DOCUMENTATION_COMMENTS = YES;
				CLANG_WARN_EMPTY_BODY = YES;
				CLANG_WARN_ENUM_CONVERSION = YES;
				CLANG_WARN_INFINITE_RECURSION = YES;
				CLANG_WARN_INT_CONVERSION = YES;
				CLANG_WARN_NON_LITERAL_NULL_CONVERSION = YES;
				CLANG_WARN_OBJC_IMPLICIT_RETAIN_SELF = YES;
				CLANG_WARN_OBJC_LITERAL_CONVERSION = YES;
				CLANG_WARN_OBJC_ROOT_CLASS = YES_ERROR;
				CLANG_WARN_QUOTED_INCLUDE_IN_FRAMEWORK_HEADER = YES;
				CLANG_WARN_RANGE_LOOP_ANALYSIS = YES;
				CLANG_WARN_STRICT_PROTOTYPES = YES;
				CLANG_WARN_SUSPICIOUS_MOVE = YES;
				CLANG_WARN_UNGUARDED_AVAILABILITY = YES_AGGRESSIVE;
				CLANG_WARN_UNREACHABLE_CODE = YES;
				CLANG_WARN__DUPLICATE_METHOD_MATCH = YES;
				COPY_PHASE_STRIP = NO;
				DEBUG_INFORMATION_FORMAT = dwarf;
				ENABLE_STRICT_OBJC_MSGSEND = YES;
				ENABLE_TESTABILITY = YES;
				ENABLE_USER_SCRIPT_SANDBOXING = YES;
				GCC_C_LANGUAGE_STANDARD = gnu17;
				GCC_DYNAMIC_NO_PIC = NO;
				GCC_NO_COMMON_BLOCKS = YES;
				GCC_OPTIMIZATION_LEVEL = 0;
				GCC_PREPROCESSOR_DEFINITIONS = (
					"DEBUG=1",
					"$(inherited)",
				);
				GCC_WARN_64_TO_32_BIT_CONVERSION = YES;
				GCC_WARN_ABOUT_RETURN_TYPE = YES_ERROR;
				GCC_WARN_UNDECLARED_SELECTOR = YES;
				GCC_WARN_UNINITIALIZED_AUTOS = YES_AGGRESSIVE;
				GCC_WARN_UNUSED_FUNCTION = YES;
				GCC_WARN_UNUSED_VARIABLE = YES;
				IPHONEOS_DEPLOYMENT_TARGET = 18.0;
				LOCALIZATION_PREFERS_STRING_CATALOGS = YES;
				MTL_ENABLE_DEBUG_INFO = INCLUDE_SOURCE;
				MTL_FAST_MATH = YES;
				ONLY_ACTIVE_ARCH = YES;
				SDKROOT = iphoneos;
				SWIFT_ACTIVE_COMPILATION_CONDITIONS = "DEBUG $(inherited)";
				SWIFT_OPTIMIZATION_LEVEL = "-Onone";
			};
			name = Debug;
		};
		8A8B7A282C6E4C5B00100001 /* Release */ = {
			isa = XCBuildConfiguration;
			buildSettings = {
				ALWAYS_SEARCH_USER_PATHS = NO;
				ASSETCATALOG_COMPILER_GENERATE_SWIFT_ASSET_SYMBOL_EXTENSIONS = YES;
				CLANG_ANALYZER_NONNULL = YES;
				CLANG_ANALYZER_NUMBER_OBJECT_CONVERSION = YES_AGGRESSIVE;
				CLANG_CXX_LANGUAGE_STANDARD = "gnu++20";
				CLANG_ENABLE_MODULES = YES;
				CLANG_ENABLE_OBJC_ARC = YES;
				CLANG_ENABLE_OBJC_WEAK = YES;
				CLANG_WARN_BLOCK_CAPTURE_AUTORELEASING = YES;
				CLANG_WARN_BOOL_CONVERSION = YES;
				CLANG_WARN_COMMA = YES;
				CLANG_WARN_CONSTANT_CONVERSION = YES;
				CLANG_WARN_DEPRECATED_OBJC_IMPLEMENTATIONS = YES;
				CLANG_WARN_DIRECT_OBJC_ISA_USAGE = YES_ERROR;
				CLANG_WARN_DOCUMENTATION_COMMENTS = YES;
				CLANG_WARN_EMPTY_BODY = YES;
				CLANG_WARN_ENUM_CONVERSION = YES;
				CLANG_WARN_INFINITE_RECURSION = YES;
				CLANG_WARN_INT_CONVERSION = YES;
				CLANG_WARN_NON_LITERAL_NULL_CONVERSION = YES_AGGRESSIVE;
				CLANG_WARN_OBJC_IMPLICIT_RETAIN_SELF = YES;
				CLANG_WARN_OBJC_LITERAL_CONVERSION = YES;
				CLANG_WARN_OBJC_ROOT_CLASS = YES_ERROR;
				CLANG_WARN_QUOTED_INCLUDE_IN_FRAMEWORK_HEADER = YES;
				CLANG_WARN_RANGE_LOOP_ANALYSIS = YES;
				CLANG_WARN_STRICT_PROTOTYPES = YES;
				CLANG_WARN_SUSPICIOUS_MOVE = YES;
				CLANG_WARN_UNGUARDED_AVAILABILITY = YES_AGGRESSIVE;
				CLANG_WARN_UNREACHABLE_CODE = YES;
				CLANG_WARN__DUPLICATE_METHOD_MATCH = YES;
				COPY_PHASE_STRIP = NO;
				DEBUG_INFORMATION_FORMAT = "dwarf-with-dsym";
				ENABLE_NS_ASSERTIONS = NO;
				ENABLE_STRICT_OBJC_MSGSEND = YES;
				ENABLE_USER_SCRIPT_SANDBOXING = YES;
				GCC_C_LANGUAGE_STANDARD = gnu17;
				GCC_NO_COMMON_BLOCKS = YES;
				GCC_WARN_64_TO_32_BIT_CONVERSION = YES;
				GCC_WARN_ABOUT_RETURN_TYPE = YES_ERROR;
				GCC_WARN_UNDECLARED_SELECTOR = YES;
				GCC_WARN_UNINITIALIZED_AUTOS = YES_AGGRESSIVE;
				GCC_WARN_UNUSED_FUNCTION = YES;
				GCC_WARN_UNUSED_VARIABLE = YES;
				IPHONEOS_DEPLOYMENT_TARGET = 18.0;
				LOCALIZATION_PREFERS_STRING_CATALOGS = YES;
				MTL_ENABLE_DEBUG_INFO = NO;
				MTL_FAST_MATH = YES;
				SDKROOT = iphoneos;
				SWIFT_COMPILATION_MODE = wholemodule;
				VALIDATE_PRODUCT = YES;
			};
			name = Release;
		};
		8A8B7A2A2C6E4C5B00100001 /* Debug */ = {
			isa = XCBuildConfiguration;
			buildSettings = {
				ASSETCATALOG_COMPILER_APPICON_NAME = AppIcon;
				CODE_SIGN_STYLE = Automatic;
				CURRENT_PROJECT_VERSION = 1;
				DEVELOPMENT_TEAM = 2VQXAD9NB6;
				ENABLE_PREVIEWS = YES;
				GENERATE_INFOPLIST_FILE = NO;
				INFOPLIST_FILE = AxolotlCommandCentre/Info.plist;
				IPHONEOS_DEPLOYMENT_TARGET = 18.0;
				MARKETING_VERSION = 1.0;
				PRODUCT_BUNDLE_IDENTIFIER = com.jules.AxolotlCommandCentre;
				PRODUCT_NAME = "$(TARGET_NAME)";
				SUPPORTED_PLATFORMS = "iphoneos iphonesimulator";
				SUPPORTS_MACCATALYST = NO;
				SUPPORTS_MAC_DESIGNED_FOR_IPHONE_IPAD = NO;
				SUPPORTS_XR_DESIGNED_FOR_IPHONE_IPAD = NO;
				SWIFT_EMIT_LOC_STRINGS = YES;
				SWIFT_VERSION = 6.0;
				TARGETED_DEVICE_FAMILY = 1;
			};
			name = Debug;
		};
		8A8B7A342C6E4C5B00100001 /* Release */ = {
			isa = XCBuildConfiguration;
			buildSettings = {
				ASSETCATALOG_COMPILER_APPICON_NAME = AppIcon;
				CODE_SIGN_STYLE = Automatic;
				CURRENT_PROJECT_VERSION = 1;
				DEVELOPMENT_TEAM = 2VQXAD9NB6;
				ENABLE_PREVIEWS = YES;
				GENERATE_INFOPLIST_FILE = NO;
				INFOPLIST_FILE = AxolotlCommandCentre/Info.plist;
				IPHONEOS_DEPLOYMENT_TARGET = 18.0;
				MARKETING_VERSION = 1.0;
				PRODUCT_BUNDLE_IDENTIFIER = com.jules.AxolotlCommandCentre;
				PRODUCT_NAME = "$(TARGET_NAME)";
				SUPPORTED_PLATFORMS = "iphoneos iphonesimulator";
				SUPPORTS_MACCATALYST = NO;
				SUPPORTS_MAC_DESIGNED_FOR_IPHONE_IPAD = NO;
				SUPPORTS_XR_DESIGNED_FOR_IPHONE_IPAD = NO;
				SWIFT_EMIT_LOC_STRINGS = YES;
				SWIFT_VERSION = 6.0;
				TARGETED_DEVICE_FAMILY = 1;
			};
			name = Release;
		};
/* End XCBuildConfiguration section */

/* Begin XCConfigurationList section */
		8A8B7A1E2C6E4C5B00100001 /* Build configuration list for PBXProject "AxolotlCommandCentre" */ = {
			isa = XCConfigurationList;
			buildConfigurations = (
				8A8B7A272C6E4C5B00100001 /* Debug */,
				8A8B7A282C6E4C5B00100001 /* Release */,
			);
			defaultConfigurationIsVisible = 0;
			defaultConfigurationName = Release;
		};
		8A8B7A292C6E4C5B00100001 /* Build configuration list for PBXNativeTarget "AxolotlCommandCentre" */ = {
			isa = XCConfigurationList;
			buildConfigurations = (
				8A8B7A2A2C6E4C5B00100001 /* Debug */,
				8A8B7A342C6E4C5B00100001 /* Release */,
			);
			defaultConfigurationIsVisible = 0;
			defaultConfigurationName = Release;
		};
/* End XCConfigurationList section */
	};
	rootObject = 8A8B7A1B2C6E4C5B00100001 /* Project object */;
}
